
Microsoft Visual Studio Solution File, Format Version 12.00
Project("{FAE04EC0-301F-11D3-BF4B-00C04F79EFBC}") = "DecSm.Extensions.Logging.File", "DecSm.Extensions.Logging.File\DecSm.Extensions.Logging.File.csproj", "{CBDAB56D-51E2-40CC-A9E1-717CE6407035}"
EndProject
Project("{FAE04EC0-301F-11D3-BF4B-00C04F79EFBC}") = "DecSm.Extensions.Logging.File.Tests", "DecSm.Extensions.Logging.File.Tests\DecSm.Extensions.Logging.File.Tests.csproj", "{4E303E93-F2FE-4CE3-99E3-482E178D21E6}"
EndProject
Project("{FAE04EC0-301F-11D3-BF4B-00C04F79EFBC}") = "_atom", "_atom\_atom.csproj", "{C1039A0F-4BC2-4A8A-83DB-E4D2CE975CEF}"
EndProject
Global
	GlobalSection(SolutionConfigurationPlatforms) = preSolution
		Debug|Any CPU = Debug|Any CPU
		Release|Any CPU = Release|Any CPU
	EndGlobalSection
	GlobalSection(ProjectConfigurationPlatforms) = postSolution
		{CBDAB56D-51E2-40CC-A9E1-717CE6407035}.Debug|Any CPU.ActiveCfg = Debug|Any CPU
		{CBDAB56D-51E2-40CC-A9E1-717CE6407035}.Debug|Any CPU.Build.0 = Debug|Any CPU
		{CBDAB56D-51E2-40CC-A9E1-717CE6407035}.Release|Any CPU.ActiveCfg = Release|Any CPU
		{CBDAB56D-51E2-40CC-A9E1-717CE6407035}.Release|Any CPU.Build.0 = Release|Any CPU
		{4E303E93-F2FE-4CE3-99E3-482E178D21E6}.Debug|Any CPU.ActiveCfg = Debug|Any CPU
		{4E303E93-F2FE-4CE3-99E3-482E178D21E6}.Debug|Any CPU.Build.0 = Debug|Any CPU
		{4E303E93-F2FE-4CE3-99E3-482E178D21E6}.Release|Any CPU.ActiveCfg = Release|Any CPU
		{4E303E93-F2FE-4CE3-99E3-482E178D21E6}.Release|Any CPU.Build.0 = Release|Any CPU
		{C1039A0F-4BC2-4A8A-83DB-E4D2CE975CEF}.Debug|Any CPU.ActiveCfg = Debug|Any CPU
		{C1039A0F-4BC2-4A8A-83DB-E4D2CE975CEF}.Debug|Any CPU.Build.0 = Debug|Any CPU
		{C1039A0F-4BC2-4A8A-83DB-E4D2CE975CEF}.Release|Any CPU.ActiveCfg = Release|Any CPU
		{C1039A0F-4BC2-4A8A-83DB-E4D2CE975CEF}.Release|Any CPU.Build.0 = Release|Any CPU
	EndGlobalSection
EndGlobal
